
Microsoft Visual Studio Solution File, Format Version 12.00
# Visual Studio 15
VisualStudioVersion = 15.0.27703.1
MinimumVisualStudioVersion = 10.0.40219.1
Project("{FAE04EC0-301F-11D3-BF4B-00C04F79EFBC}") = "ConfigurationInitializer.ServiceFabric", "ConfigurationInitializer.ServiceFabric\ConfigurationInitializer.ServiceFabric.csproj", "{94087944-5E17-49A1-B2C9-0E27620BDFF8}"
EndProject
Global
	GlobalSection(SolutionConfigurationPlatforms) = preSolution
		Debug|Any CPU = Debug|Any CPU
		Release|Any CPU = Release|Any CPU
	EndGlobalSection
	GlobalSection(ProjectConfigurationPlatforms) = postSolution
		{94087944-5E17-49A1-B2C9-0E27620BDFF8}.Debug|Any CPU.ActiveCfg = Debug|Any CPU
		{94087944-5E17-49A1-B2C9-0E27620BDFF8}.Debug|Any CPU.Build.0 = Debug|Any CPU
		{94087944-5E17-49A1-B2C9-0E27620BDFF8}.Release|Any CPU.ActiveCfg = Release|Any CPU
		{94087944-5E17-49A1-B2C9-0E27620BDFF8}.Release|Any CPU.Build.0 = Release|Any CPU
	EndGlobalSection
	GlobalSection(SolutionProperties) = preSolution
		HideSolutionNode = FALSE
	EndGlobalSection
	GlobalSection(ExtensibilityGlobals) = postSolution
		SolutionGuid = {2596D3DC-7320-4174-ABE1-0156F8367FF8}
	EndGlobalSection
EndGlobal
